{
  "name": "search-files-cli",
  "version": "1.0.0",
  "lockfileVersion": 1,
  "requires": true,
  "dependencies": {
    "search-file-cli": {
      "version": "1.0.0",
      "resolved": "https://registry.npmjs.org/search-file-cli/-/search-file-cli-1.0.0.tgz",
      "integrity": "sha512-LGpYLixO/ACvTi3nhNznn0h1MomX+vkRT7417tX7yO9I/O3zFvA6XLyW6dlhaxgZRk9l1USFc7wwmuri4IhLOA=="
    }
  }
}
